// !$*UTF8*$!
{
	archiveVersion = 1;
	classes = {
	};
	objectVersion = 46;
	objects = {

/* Begin PBXBuildFile section */
		8C7286F21F05D07C00B3C05D /* AppDelegate.swift in Sources */ = {isa = PBXBuildFile; fileRef = 8C7286F11F05D07C00B3C05D /* AppDelegate.swift */; };
		8C7286F41F05D07C00B3C05D /* ViewController.swift in Sources */ = {isa = PBXBuildFile; fileRef = 8C7286F31F05D07C00B3C05D /* ViewController.swift */; };
		8C7286F71F05D07C00B3C05D /* Main.storyboard in Resources */ = {isa = PBXBuildFile; fileRef = 8C7286F51F05D07C00B3C05D /* Main.storyboard */; };
		8C7286F91F05D07C00B3C05D /* Assets.xcassets in Resources */ = {isa = PBXBuildFile; fileRef = 8C7286F81F05D07C00B3C05D /* Assets.xcassets */; };
		8C7286FC1F05D07C00B3C05D /* LaunchScreen.storyboard in Resources */ = {isa = PBXBuildFile; fileRef = 8C7286FA1F05D07C00B3C05D /* LaunchScreen.storyboard */; };
		8C7287081F05D22700B3C05D /* StringConstants.swift in Sources */ = {isa = PBXBuildFile; fileRef = 8C7287071F05D22700B3C05D /* StringConstants.swift */; };
		8C72870B1F05D28100B3C05D /* CardView.swift in Sources */ = {isa = PBXBuildFile; fileRef = 8C72870A1F05D28100B3C05D /* CardView.swift */; };
		8C72870D1F05D2C100B3C05D /* Extensions.swift in Sources */ = {isa = PBXBuildFile; fileRef = 8C72870C1F05D2C100B3C05D /* Extensions.swift */; };
		8C72870F1F05D73D00B3C05D /* NetworkLayerClass.swift in Sources */ = {isa = PBXBuildFile; fileRef = 8C72870E1F05D73D00B3C05D /* NetworkLayerClass.swift */; };
		8C7287121F05DC7B00B3C05D /* Models.swift in Sources */ = {isa = PBXBuildFile; fileRef = 8C7287111F05DC7B00B3C05D /* Models.swift */; };
		8C72871A1F0642CD00B3C05D /* SChannelListConfigurator.swift in Sources */ = {isa = PBXBuildFile; fileRef = 8C7287131F0642CD00B3C05D /* SChannelListConfigurator.swift */; };
		8C72871B1F0642CD00B3C05D /* SChannelListInteractor.swift in Sources */ = {isa = PBXBuildFile; fileRef = 8C7287141F0642CD00B3C05D /* SChannelListInteractor.swift */; };
		8C72871C1F0642CD00B3C05D /* SChannelListModels.swift in Sources */ = {isa = PBXBuildFile; fileRef = 8C7287151F0642CD00B3C05D /* SChannelListModels.swift */; };
		8C72871D1F0642CD00B3C05D /* SChannelListPresenter.swift in Sources */ = {isa = PBXBuildFile; fileRef = 8C7287161F0642CD00B3C05D /* SChannelListPresenter.swift */; };
		8C72871E1F0642CD00B3C05D /* SChannelListRouter.swift in Sources */ = {isa = PBXBuildFile; fileRef = 8C7287171F0642CD00B3C05D /* SChannelListRouter.swift */; };
		8C72871F1F0642CD00B3C05D /* SChannelListViewController.swift in Sources */ = {isa = PBXBuildFile; fileRef = 8C7287181F0642CD00B3C05D /* SChannelListViewController.swift */; };
		8C7287201F0642CD00B3C05D /* SChannelListWorker.swift in Sources */ = {isa = PBXBuildFile; fileRef = 8C7287191F0642CD00B3C05D /* SChannelListWorker.swift */; };
		8C7287281F0642E800B3C05D /* SChannelDetailsConfigurator.swift in Sources */ = {isa = PBXBuildFile; fileRef = 8C7287211F0642E800B3C05D /* SChannelDetailsConfigurator.swift */; };
		8C7287291F0642E800B3C05D /* SChannelDetailsInteractor.swift in Sources */ = {isa = PBXBuildFile; fileRef = 8C7287221F0642E800B3C05D /* SChannelDetailsInteractor.swift */; };
		8C72872A1F0642E800B3C05D /* SChannelDetailsModels.swift in Sources */ = {isa = PBXBuildFile; fileRef = 8C7287231F0642E800B3C05D /* SChannelDetailsModels.swift */; };
		8C72872B1F0642E800B3C05D /* SChannelDetailsPresenter.swift in Sources */ = {isa = PBXBuildFile; fileRef = 8C7287241F0642E800B3C05D /* SChannelDetailsPresenter.swift */; };
		8C72872C1F0642E800B3C05D /* SChannelDetailsRouter.swift in Sources */ = {isa = PBXBuildFile; fileRef = 8C7287251F0642E800B3C05D /* SChannelDetailsRouter.swift */; };
		8C72872D1F0642E800B3C05D /* SChannelDetailsViewController.swift in Sources */ = {isa = PBXBuildFile; fileRef = 8C7287261F0642E800B3C05D /* SChannelDetailsViewController.swift */; };
		8C72872E1F0642E800B3C05D /* SChannelDetailsWorker.swift in Sources */ = {isa = PBXBuildFile; fileRef = 8C7287271F0642E800B3C05D /* SChannelDetailsWorker.swift */; };
		8C7287311F06642700B3C05D /* SChenneListCollectionViewCell.swift in Sources */ = {isa = PBXBuildFile; fileRef = 8C7287301F06642700B3C05D /* SChenneListCollectionViewCell.swift */; };
		8C7287341F06717D00B3C05D /* SChannelDeatilsCollectionViewCell.swift in Sources */ = {isa = PBXBuildFile; fileRef = 8C7287331F06717D00B3C05D /* SChannelDeatilsCollectionViewCell.swift */; };
/* End PBXBuildFile section */

/* Begin PBXFileReference section */
		8C7286EE1F05D07C00B3C05D /* Channel7Test.app */ = {isa = PBXFileReference; explicitFileType = wrapper.application; includeInIndex = 0; path = Channel7Test.app; sourceTree = BUILT_PRODUCTS_DIR; };
		8C7286F11F05D07C00B3C05D /* AppDelegate.swift */ = {isa = PBXFileReference; lastKnownFileType = sourcecode.swift; path = AppDelegate.swift; sourceTree = "<group>"; };
		8C7286F31F05D07C00B3C05D /* ViewController.swift */ = {isa = PBXFileReference; lastKnownFileType = sourcecode.swift; path = ViewController.swift; sourceTree = "<group>"; };
		8C7286F61F05D07C00B3C05D /* Base */ = {isa = PBXFileReference; lastKnownFileType = file.storyboard; name = Base; path = Base.lproj/Main.storyboard; sourceTree = "<group>"; };
		8C7286F81F05D07C00B3C05D /* Assets.xcassets */ = {isa = PBXFileReference; lastKnownFileType = folder.assetcatalog; path = Assets.xcassets; sourceTree = "<group>"; };
		8C7286FB1F05D07C00B3C05D /* Base */ = {isa = PBXFileReference; lastKnownFileType = file.storyboard; name = Base; path = Base.lproj/LaunchScreen.storyboard; sourceTree = "<group>"; };
		8C7286FD1F05D07C00B3C05D /* Info.plist */ = {isa = PBXFileReference; lastKnownFileType = text.plist.xml; path = Info.plist; sourceTree = "<group>"; };
		8C7287071F05D22700B3C05D /* StringConstants.swift */ = {isa = PBXFileReference; fileEncoding = 4; lastKnownFileType = sourcecode.swift; name = StringConstants.swift; path = Extensions/StringConstants.swift; sourceTree = "<group>"; };
		8C72870A1F05D28100B3C05D /* CardView.swift */ = {isa = PBXFileReference; fileEncoding = 4; lastKnownFileType = sourcecode.swift; name = CardView.swift; path = Views/CardView.swift; sourceTree = "<group>"; };
		8C72870C1F05D2C100B3C05D /* Extensions.swift */ = {isa = PBXFileReference; fileEncoding = 4; lastKnownFileType = sourcecode.swift; name = Extensions.swift; path = Extensions/Extensions.swift; sourceTree = "<group>"; };
		8C72870E1F05D73D00B3C05D /* NetworkLayerClass.swift */ = {isa = PBXFileReference; fileEncoding = 4; lastKnownFileType = sourcecode.swift; name = NetworkLayerClass.swift; path = Extensions/NetworkLayerClass.swift; sourceTree = "<group>"; };
		8C7287111F05DC7B00B3C05D /* Models.swift */ = {isa = PBXFileReference; fileEncoding = 4; lastKnownFileType = sourcecode.swift; name = Models.swift; path = Models/Models.swift; sourceTree = "<group>"; };
		8C7287131F0642CD00B3C05D /* SChannelListConfigurator.swift */ = {isa = PBXFileReference; fileEncoding = 4; lastKnownFileType = sourcecode.swift; name = SChannelListConfigurator.swift; path = "Scenes/Channel List/SChannelListConfigurator.swift"; sourceTree = "<group>"; };
		8C7287141F0642CD00B3C05D /* SChannelListInteractor.swift */ = {isa = PBXFileReference; fileEncoding = 4; lastKnownFileType = sourcecode.swift; name = SChannelListInteractor.swift; path = "Scenes/Channel List/SChannelListInteractor.swift"; sourceTree = "<group>"; };
		8C7287151F0642CD00B3C05D /* SChannelListModels.swift */ = {isa = PBXFileReference; fileEncoding = 4; lastKnownFileType = sourcecode.swift; name = SChannelListModels.swift; path = "Scenes/Channel List/SChannelListModels.swift"; sourceTree = "<group>"; };
		8C7287161F0642CD00B3C05D /* SChannelListPresenter.swift */ = {isa = PBXFileReference; fileEncoding = 4; lastKnownFileType = sourcecode.swift; name = SChannelListPresenter.swift; path = "Scenes/Channel List/SChannelListPresenter.swift"; sourceTree = "<group>"; };
		8C7287171F0642CD00B3C05D /* SChannelListRouter.swift */ = {isa = PBXFileReference; fileEncoding = 4; lastKnownFileType = sourcecode.swift; name = SChannelListRouter.swift; path = "Scenes/Channel List/SChannelListRouter.swift"; sourceTree = "<group>"; };
		8C7287181F0642CD00B3C05D /* SChannelListViewController.swift */ = {isa = PBXFileReference; fileEncoding = 4; lastKnownFileType = sourcecode.swift; name = SChannelListViewController.swift; path = "Scenes/Channel List/SChannelListViewController.swift"; sourceTree = "<group>"; };
		8C7287191F0642CD00B3C05D /* SChannelListWorker.swift */ = {isa = PBXFileReference; fileEncoding = 4; lastKnownFileType = sourcecode.swift; name = SChannelListWorker.swift; path = "Scenes/Channel List/SChannelListWorker.swift"; sourceTree = "<group>"; };
		8C7287211F0642E800B3C05D /* SChannelDetailsConfigurator.swift */ = {isa = PBXFileReference; fileEncoding = 4; lastKnownFileType = sourcecode.swift; name = SChannelDetailsConfigurator.swift; path = "Scenes/Channel Details/SChannelDetailsConfigurator.swift"; sourceTree = "<group>"; };
		8C7287221F0642E800B3C05D /* SChannelDetailsInteractor.swift */ = {isa = PBXFileReference; fileEncoding = 4; lastKnownFileType = sourcecode.swift; name = SChannelDetailsInteractor.swift; path = "Scenes/Channel Details/SChannelDetailsInteractor.swift"; sourceTree = "<group>"; };
		8C7287231F0642E800B3C05D /* SChannelDetailsModels.swift */ = {isa = PBXFileReference; fileEncoding = 4; lastKnownFileType = sourcecode.swift; name = SChannelDetailsModels.swift; path = "Scenes/Channel Details/SChannelDetailsModels.swift"; sourceTree = "<group>"; };
		8C7287241F0642E800B3C05D /* SChannelDetailsPresenter.swift */ = {isa = PBXFileReference; fileEncoding = 4; lastKnownFileType = sourcecode.swift; name = SChannelDetailsPresenter.swift; path = "Scenes/Channel Details/SChannelDetailsPresenter.swift"; sourceTree = "<group>"; };
		8C7287251F0642E800B3C05D /* SChannelDetailsRouter.swift */ = {isa = PBXFileReference; fileEncoding = 4; lastKnownFileType = sourcecode.swift; name = SChannelDetailsRouter.swift; path = "Scenes/Channel Details/SChannelDetailsRouter.swift"; sourceTree = "<group>"; };
		8C7287261F0642E800B3C05D /* SChannelDetailsViewController.swift */ = {isa = PBXFileReference; fileEncoding = 4; lastKnownFileType = sourcecode.swift; name = SChannelDetailsViewController.swift; path = "Scenes/Channel Details/SChannelDetailsViewController.swift"; sourceTree = "<group>"; };
		8C7287271F0642E800B3C05D /* SChannelDetailsWorker.swift */ = {isa = PBXFileReference; fileEncoding = 4; lastKnownFileType = sourcecode.swift; name = SChannelDetailsWorker.swift; path = "Scenes/Channel Details/SChannelDetailsWorker.swift"; sourceTree = "<group>"; };
		8C7287301F06642700B3C05D /* SChenneListCollectionViewCell.swift */ = {isa = PBXFileReference; fileEncoding = 4; lastKnownFileType = sourcecode.swift; name = SChenneListCollectionViewCell.swift; path = "Scenes/Channel List/Cells/SChenneListCollectionViewCell.swift"; sourceTree = "<group>"; };
		8C7287331F06717D00B3C05D /* SChannelDeatilsCollectionViewCell.swift */ = {isa = PBXFileReference; fileEncoding = 4; lastKnownFileType = sourcecode.swift; name = SChannelDeatilsCollectionViewCell.swift; path = "Scenes/Channel Details/Cells/SChannelDeatilsCollectionViewCell.swift"; sourceTree = "<group>"; };
/* End PBXFileReference section */

/* Begin PBXFrameworksBuildPhase section */
		8C7286EB1F05D07C00B3C05D /* Frameworks */ = {
			isa = PBXFrameworksBuildPhase;
			buildActionMask = 2147483647;
			files = (
			);
			runOnlyForDeploymentPostprocessing = 0;
		};
/* End PBXFrameworksBuildPhase section */

/* Begin PBXGroup section */
		8C7286E51F05D07C00B3C05D = {
			isa = PBXGroup;
			children = (
				8C7286F01F05D07C00B3C05D /* Channel7Test */,
				8C7286EF1F05D07C00B3C05D /* Products */,
			);
			sourceTree = "<group>";
		};
		8C7286EF1F05D07C00B3C05D /* Products */ = {
			isa = PBXGroup;
			children = (
				8C7286EE1F05D07C00B3C05D /* Channel7Test.app */,
			);
			name = Products;
			sourceTree = "<group>";
		};
		8C7286F01F05D07C00B3C05D /* Channel7Test */ = {
			isa = PBXGroup;
			children = (
				8C7287101F05DC6B00B3C05D /* Models */,
				8C7287091F05D27700B3C05D /* Views */,
				8C7287041F05D1FF00B3C05D /* Scenes */,
				8C7287031F05D1F300B3C05D /* Extensions */,
				8C7286F11F05D07C00B3C05D /* AppDelegate.swift */,
				8C7286F31F05D07C00B3C05D /* ViewController.swift */,
				8C7286F51F05D07C00B3C05D /* Main.storyboard */,
				8C7286F81F05D07C00B3C05D /* Assets.xcassets */,
				8C7286FA1F05D07C00B3C05D /* LaunchScreen.storyboard */,
				8C7286FD1F05D07C00B3C05D /* Info.plist */,
			);
			path = Channel7Test;
			sourceTree = "<group>";
		};
		8C7287031F05D1F300B3C05D /* Extensions */ = {
			isa = PBXGroup;
			children = (
				8C7287071F05D22700B3C05D /* StringConstants.swift */,
				8C72870C1F05D2C100B3C05D /* Extensions.swift */,
				8C72870E1F05D73D00B3C05D /* NetworkLayerClass.swift */,
			);
			name = Extensions;
			sourceTree = "<group>";
		};
		8C7287041F05D1FF00B3C05D /* Scenes */ = {
			isa = PBXGroup;
			children = (
				8C7287061F05D20A00B3C05D /* Channel Details */,
				8C7287051F05D20400B3C05D /* Channel List */,
			);
			name = Scenes;
			sourceTree = "<group>";
		};
		8C7287051F05D20400B3C05D /* Channel List */ = {
			isa = PBXGroup;
			children = (
				8C72872F1F06455D00B3C05D /* Cells */,
				8C7287131F0642CD00B3C05D /* SChannelListConfigurator.swift */,
				8C7287141F0642CD00B3C05D /* SChannelListInteractor.swift */,
				8C7287151F0642CD00B3C05D /* SChannelListModels.swift */,
				8C7287161F0642CD00B3C05D /* SChannelListPresenter.swift */,
				8C7287171F0642CD00B3C05D /* SChannelListRouter.swift */,
				8C7287181F0642CD00B3C05D /* SChannelListViewController.swift */,
				8C7287191F0642CD00B3C05D /* SChannelListWorker.swift */,
			);
			name = "Channel List";
			sourceTree = "<group>";
		};
		8C7287061F05D20A00B3C05D /* Channel Details */ = {
			isa = PBXGroup;
			children = (
				8C7287321F06715E00B3C05D /* Cells */,
				8C7287211F0642E800B3C05D /* SChannelDetailsConfigurator.swift */,
				8C7287221F0642E800B3C05D /* SChannelDetailsInteractor.swift */,
				8C7287231F0642E800B3C05D /* SChannelDetailsModels.swift */,
				8C7287241F0642E800B3C05D /* SChannelDetailsPresenter.swift */,
				8C7287251F0642E800B3C05D /* SChannelDetailsRouter.swift */,
				8C7287261F0642E800B3C05D /* SChannelDetailsViewController.swift */,
				8C7287271F0642E800B3C05D /* SChannelDetailsWorker.swift */,
			);
			name = "Channel Details";
			sourceTree = "<group>";
		};
		8C7287091F05D27700B3C05D /* Views */ = {
			isa = PBXGroup;
			children = (
				8C72870A1F05D28100B3C05D /* CardView.swift */,
			);
			name = Views;
			sourceTree = "<group>";
		};
		8C7287101F05DC6B00B3C05D /* Models */ = {
			isa = PBXGroup;
			children = (
				8C7287111F05DC7B00B3C05D /* Models.swift */,
			);
			name = Models;
			sourceTree = "<group>";
		};
		8C72872F1F06455D00B3C05D /* Cells */ = {
			isa = PBXGroup;
			children = (
				8C7287301F06642700B3C05D /* SChenneListCollectionViewCell.swift */,
			);
			name = Cells;
			sourceTree = "<group>";
		};
		8C7287321F06715E00B3C05D /* Cells */ = {
			isa = PBXGroup;
			children = (
				8C7287331F06717D00B3C05D /* SChannelDeatilsCollectionViewCell.swift */,
			);
			name = Cells;
			sourceTree = "<group>";
		};
/* End PBXGroup section */

/* Begin PBXNativeTarget section */
		8C7286ED1F05D07C00B3C05D /* Channel7Test */ = {
			isa = PBXNativeTarget;
			buildConfigurationList = 8C7287001F05D07C00B3C05D /* Build configuration list for PBXNativeTarget "Channel7Test" */;
			buildPhases = (
				8C7286EA1F05D07C00B3C05D /* Sources */,
				8C7286EB1F05D07C00B3C05D /* Frameworks */,
				8C7286EC1F05D07C00B3C05D /* Resources */,
			);
			buildRules = (
			);
			dependencies = (
			);
			name = Channel7Test;
			productName = Channel7Test;
			productReference = 8C7286EE1F05D07C00B3C05D /* Channel7Test.app */;
			productType = "com.apple.product-type.application";
		};
/* End PBXNativeTarget section */

/* Begin PBXProject section */
		8C7286E61F05D07C00B3C05D /* Project object */ = {
			isa = PBXProject;
			attributes = {
				LastSwiftUpdateCheck = 0830;
				LastUpgradeCheck = 0830;
				ORGANIZATIONNAME = NTech;
				TargetAttributes = {
					8C7286ED1F05D07C00B3C05D = {
						CreatedOnToolsVersion = 8.3.3;
						DevelopmentTeam = 3Y9QKHKZ94;
						ProvisioningStyle = Automatic;
					};
				};
			};
			buildConfigurationList = 8C7286E91F05D07C00B3C05D /* Build configuration list for PBXProject "Channel7Test" */;
			compatibilityVersion = "Xcode 3.2";
			developmentRegion = English;
			hasScannedForEncodings = 0;
			knownRegions = (
				en,
				Base,
			);
			mainGroup = 8C7286E51F05D07C00B3C05D;
			productRefGroup = 8C7286EF1F05D07C00B3C05D /* Products */;
			projectDirPath = "";
			projectRoot = "";
			targets = (
				8C7286ED1F05D07C00B3C05D /* Channel7Test */,
			);
		};
/* End PBXProject section */

/* Begin PBXResourcesBuildPhase section */
		8C7286EC1F05D07C00B3C05D /* Resources */ = {
			isa = PBXResourcesBuildPhase;
			buildActionMask = 2147483647;
			files = (
				8C7286FC1F05D07C00B3C05D /* LaunchScreen.storyboard in Resources */,
				8C7286F91F05D07C00B3C05D /* Assets.xcassets in Resources */,
				8C7286F71F05D07C00B3C05D /* Main.storyboard in Resources */,
			);
			runOnlyForDeploymentPostprocessing = 0;
		};
/* End PBXResourcesBuildPhase section */

/* Begin PBXSourcesBuildPhase section */
		8C7286EA1F05D07C00B3C05D /* Sources */ = {
			isa = PBXSourcesBuildPhase;
			buildActionMask = 2147483647;
			files = (
				8C72870D1F05D2C100B3C05D /* Extensions.swift in Sources */,
				8C72871F1F0642CD00B3C05D /* SChannelListViewController.swift in Sources */,
				8C72872C1F0642E800B3C05D /* SChannelDetailsRouter.swift in Sources */,
				8C7287281F0642E800B3C05D /* SChannelDetailsConfigurator.swift in Sources */,
				8C72872E1F0642E800B3C05D /* SChannelDetailsWorker.swift in Sources */,
				8C72872A1F0642E800B3C05D /* SChannelDetailsModels.swift in Sources */,
				8C7286F41F05D07C00B3C05D /* ViewController.swift in Sources */,
				8C72872B1F0642E800B3C05D /* SChannelDetailsPresenter.swift in Sources */,
				8C7287201F0642CD00B3C05D /* SChannelListWorker.swift in Sources */,
				8C7286F21F05D07C00B3C05D /* AppDelegate.swift in Sources */,
				8C72870B1F05D28100B3C05D /* CardView.swift in Sources */,
				8C7287311F06642700B3C05D /* SChenneListCollectionViewCell.swift in Sources */,
				8C7287291F0642E800B3C05D /* SChannelDetailsInteractor.swift in Sources */,
				8C72872D1F0642E800B3C05D /* SChannelDetailsViewController.swift in Sources */,
				8C72871A1F0642CD00B3C05D /* SChannelListConfigurator.swift in Sources */,
				8C7287341F06717D00B3C05D /* SChannelDeatilsCollectionViewCell.swift in Sources */,
				8C72871C1F0642CD00B3C05D /* SChannelListModels.swift in Sources */,
				8C7287081F05D22700B3C05D /* StringConstants.swift in Sources */,
				8C72871D1F0642CD00B3C05D /* SChannelListPresenter.swift in Sources */,
				8C72871E1F0642CD00B3C05D /* SChannelListRouter.swift in Sources */,
				8C72870F1F05D73D00B3C05D /* NetworkLayerClass.swift in Sources */,
				8C72871B1F0642CD00B3C05D /* SChannelListInteractor.swift in Sources */,
				8C7287121F05DC7B00B3C05D /* Models.swift in Sources */,
			);
			runOnlyForDeploymentPostprocessing = 0;
		};
/* End PBXSourcesBuildPhase section */

/* Begin PBXVariantGroup section */
		8C7286F51F05D07C00B3C05D /* Main.storyboard */ = {
			isa = PBXVariantGroup;
			children = (
				8C7286F61F05D07C00B3C05D /* Base */,
			);
			name = Main.storyboard;
			sourceTree = "<group>";
		};
		8C7286FA1F05D07C00B3C05D /* LaunchScreen.storyboard */ = {
			isa = PBXVariantGroup;
			children = (
				8C7286FB1F05D07C00B3C05D /* Base */,
			);
			name = LaunchScreen.storyboard;
			sourceTree = "<group>";
		};
/* End PBXVariantGroup section */

/* Begin XCBuildConfiguration section */
		8C7286FE1F05D07C00B3C05D /* Debug */ = {
			isa = XCBuildConfiguration;
			buildSettings = {
				ALWAYS_SEARCH_USER_PATHS = NO;
				CLANG_ANALYZER_NONNULL = YES;
				CLANG_ANALYZER_NUMBER_OBJECT_CONVERSION = YES_AGGRESSIVE;
				CLANG_CXX_LANGUAGE_STANDARD = "gnu++0x";
				CLANG_CXX_LIBRARY = "libc++";
				CLANG_ENABLE_MODULES = YES;
				CLANG_ENABLE_OBJC_ARC = YES;
				CLANG_WARN_BOOL_CONVERSION = YES;
				CLANG_WARN_CONSTANT_CONVERSION = YES;
				CLANG_WARN_DIRECT_OBJC_ISA_USAGE = YES_ERROR;
				CLANG_WARN_DOCUMENTATION_COMMENTS = YES;
				CLANG_WARN_EMPTY_BODY = YES;
				CLANG_WARN_ENUM_CONVERSION = YES;
				CLANG_WARN_INFINITE_RECURSION = YES;
				CLANG_WARN_INT_CONVERSION = YES;
				CLANG_WARN_OBJC_ROOT_CLASS = YES_ERROR;
				CLANG_WARN_SUSPICIOUS_MOVE = YES;
				CLANG_WARN_UNREACHABLE_CODE = YES;
				CLANG_WARN__DUPLICATE_METHOD_MATCH = YES;
				"CODE_SIGN_IDENTITY[sdk=iphoneos*]" = "iPhone Developer";
				COPY_PHASE_STRIP = NO;
				DEBUG_INFORMATION_FORMAT = dwarf;
				ENABLE_STRICT_OBJC_MSGSEND = YES;
				ENABLE_TESTABILITY = YES;
				GCC_C_LANGUAGE_STANDARD = gnu99;
				GCC_DYNAMIC_NO_PIC = NO;
				GCC_NO_COMMON_BLOCKS = YES;
				GCC_OPTIMIZATION_LEVEL = 0;
				GCC_PREPROCESSOR_DEFINITIONS = (
					"DEBUG=1",
					"$(inherited)",
				);
				GCC_WARN_64_TO_32_BIT_CONVERSION = YES;
				GCC_WARN_ABOUT_RETURN_TYPE = YES_ERROR;
				GCC_WARN_UNDECLARED_SELECTOR = YES;
				GCC_WARN_UNINITIALIZED_AUTOS = YES_AGGRESSIVE;
				GCC_WARN_UNUSED_FUNCTION = YES;
				GCC_WARN_UNUSED_VARIABLE = YES;
				IPHONEOS_DEPLOYMENT_TARGET = 10.3;
				MTL_ENABLE_DEBUG_INFO = YES;
				ONLY_ACTIVE_ARCH = YES;
				SDKROOT = iphoneos;
				SWIFT_ACTIVE_COMPILATION_CONDITIONS = DEBUG;
				SWIFT_OPTIMIZATION_LEVEL = "-Onone";
			};
			name = Debug;
		};
		8C7286FF1F05D07C00B3C05D /* Release */ = {
			isa = XCBuildConfiguration;
			buildSettings = {
				ALWAYS_SEARCH_USER_PATHS = NO;
				CLANG_ANALYZER_NONNULL = YES;
				CLANG_ANALYZER_NUMBER_OBJECT_CONVERSION = YES_AGGRESSIVE;
				CLANG_CXX_LANGUAGE_STANDARD = "gnu++0x";
				CLANG_CXX_LIBRARY = "libc++";
				CLANG_ENABLE_MODULES = YES;
				CLANG_ENABLE_OBJC_ARC = YES;
				CLANG_WARN_BOOL_CONVERSION = YES;
				CLANG_WARN_CONSTANT_CONVERSION = YES;
				CLANG_WARN_DIRECT_OBJC_ISA_USAGE = YES_ERROR;
				CLANG_WARN_DOCUMENTATION_COMMENTS = YES;
				CLANG_WARN_EMPTY_BODY = YES;
				CLANG_WARN_ENUM_CONVERSION = YES;
				CLANG_WARN_INFINITE_RECURSION = YES;
				CLANG_WARN_INT_CONVERSION = YES;
				CLANG_WARN_OBJC_ROOT_CLASS = YES_ERROR;
				CLANG_WARN_SUSPICIOUS_MOVE = YES;
				CLANG_WARN_UNREACHABLE_CODE = YES;
				CLANG_WARN__DUPLICATE_METHOD_MATCH = YES;
				"CODE_SIGN_IDENTITY[sdk=iphoneos*]" = "iPhone Developer";
				COPY_PHASE_STRIP = NO;
				DEBUG_INFORMATION_FORMAT = "dwarf-with-dsym";
				ENABLE_NS_ASSERTIONS = NO;
				ENABLE_STRICT_OBJC_MSGSEND = YES;
				GCC_C_LANGUAGE_STANDARD = gnu99;
				GCC_NO_COMMON_BLOCKS = YES;
				GCC_WARN_64_TO_32_BIT_CONVERSION = YES;
				GCC_WARN_ABOUT_RETURN_TYPE = YES_ERROR;
				GCC_WARN_UNDECLARED_SELECTOR = YES;
				GCC_WARN_UNINITIALIZED_AUTOS = YES_AGGRESSIVE;
				GCC_WARN_UNUSED_FUNCTION = YES;
				GCC_WARN_UNUSED_VARIABLE = YES;
				IPHONEOS_DEPLOYMENT_TARGET = 10.3;
				MTL_ENABLE_DEBUG_INFO = NO;
				SDKROOT = iphoneos;
				SWIFT_OPTIMIZATION_LEVEL = "-Owholemodule";
				VALIDATE_PRODUCT = YES;
			};
			name = Release;
		};
		8C7287011F05D07C00B3C05D /* Debug */ = {
			isa = XCBuildConfiguration;
			buildSettings = {
				ASSETCATALOG_COMPILER_APPICON_NAME = AppIcon;
				DEVELOPMENT_TEAM = 3Y9QKHKZ94;
				INFOPLIST_FILE = Channel7Test/Info.plist;
				IPHONEOS_DEPLOYMENT_TARGET = 9.0;
				LD_RUNPATH_SEARCH_PATHS = "$(inherited) @executable_path/Frameworks";
				PRODUCT_BUNDLE_IDENTIFIER = com.nm.Channel7Test;
				PRODUCT_NAME = "$(TARGET_NAME)";
				SWIFT_VERSION = 3.0;
				TARGETED_DEVICE_FAMILY = "1,2";
			};
			name = Debug;
		};
		8C7287021F05D07C00B3C05D /* Release */ = {
			isa = XCBuildConfiguration;
			buildSettings = {
				ASSETCATALOG_COMPILER_APPICON_NAME = AppIcon;
				DEVELOPMENT_TEAM = 3Y9QKHKZ94;
				INFOPLIST_FILE = Channel7Test/Info.plist;
				IPHONEOS_DEPLOYMENT_TARGET = 9.0;
				LD_RUNPATH_SEARCH_PATHS = "$(inherited) @executable_path/Frameworks";
				PRODUCT_BUNDLE_IDENTIFIER = com.nm.Channel7Test;
				PRODUCT_NAME = "$(TARGET_NAME)";
				SWIFT_VERSION = 3.0;
				TARGETED_DEVICE_FAMILY = "1,2";
			};
			name = Release;
		};
/* End XCBuildConfiguration section */

/* Begin XCConfigurationList section */
		8C7286E91F05D07C00B3C05D /* Build configuration list for PBXProject "Channel7Test" */ = {
			isa = XCConfigurationList;
			buildConfigurations = (
				8C7286FE1F05D07C00B3C05D /* Debug */,
				8C7286FF1F05D07C00B3C05D /* Release */,
			);
			defaultConfigurationIsVisible = 0;
			defaultConfigurationName = Release;
		};
		8C7287001F05D07C00B3C05D /* Build configuration list for PBXNativeTarget "Channel7Test" */ = {
			isa = XCConfigurationList;
			buildConfigurations = (
				8C7287011F05D07C00B3C05D /* Debug */,
				8C7287021F05D07C00B3C05D /* Release */,
			);
			defaultConfigurationIsVisible = 0;
		};
/* End XCConfigurationList section */
	};
	rootObject = 8C7286E61F05D07C00B3C05D /* Project object */;
}
